
Microsoft Visual Studio Solution File, Format Version 12.00
Project("{FAE04EC0-301F-11D3-BF4B-00C04F79EFBC}") = "SpidersBegone", "SpidersBegone\SpidersBegone.csproj", "{FAAB4C32-6593-45AC-A28E-9D77F75873E4}"
EndProject
Global
	GlobalSection(SolutionConfigurationPlatforms) = preSolution
		Debug|Any CPU = Debug|Any CPU
		Release|Any CPU = Release|Any CPU
	EndGlobalSection
	GlobalSection(ProjectConfigurationPlatforms) = postSolution
		{FAAB4C32-6593-45AC-A28E-9D77F75873E4}.Debug|Any CPU.ActiveCfg = Debug|Any CPU
		{FAAB4C32-6593-45AC-A28E-9D77F75873E4}.Debug|Any CPU.Build.0 = Debug|Any CPU
		{FAAB4C32-6593-45AC-A28E-9D77F75873E4}.Release|Any CPU.ActiveCfg = Release|Any CPU
		{FAAB4C32-6593-45AC-A28E-9D77F75873E4}.Release|Any CPU.Build.0 = Release|Any CPU
	EndGlobalSection
EndGlobal
